
Microsoft Visual Studio Solution File, Format Version 11.00
# Visual Studio 2010
Project("{FAE04EC0-301F-11D3-BF4B-00C04F79EFBC}") = "Assembly-CSharp", "Assembly-CSharp.csproj", "{87960bea-b9b9-7009-9e25-0e1c02d78036}"
EndProject
Project("{FAE04EC0-301F-11D3-BF4B-00C04F79EFBC}") = "PhotonUnityNetworking.Demos", "PhotonUnityNetworking.Demos.csproj", "{048a2a5d-3b08-805e-4afc-dd039fd44b83}"
EndProject
Project("{FAE04EC0-301F-11D3-BF4B-00C04F79EFBC}") = "PhotonRealtime", "PhotonRealtime.csproj", "{c596d347-d5f0-092e-7a20-3d04c1168141}"
EndProject
Project("{FAE04EC0-301F-11D3-BF4B-00C04F79EFBC}") = "PhotonUnityNetworking", "PhotonUnityNetworking.csproj", "{886055f4-b8e4-c2e5-246f-4d9ba181eb7c}"
EndProject
Project("{FAE04EC0-301F-11D3-BF4B-00C04F79EFBC}") = "PhotonUnityNetworking.Utilities", "PhotonUnityNetworking.Utilities.csproj", "{5b331e2b-abab-0d0e-b714-edc7c1708d80}"
EndProject
Project("{FAE04EC0-301F-11D3-BF4B-00C04F79EFBC}") = "PhotonChat", "PhotonChat.csproj", "{b55ea9ee-b645-d710-dd01-d0a3dfcdd867}"
EndProject
Project("{FAE04EC0-301F-11D3-BF4B-00C04F79EFBC}") = "PhotonUnityNetworking.Editor", "PhotonUnityNetworking.Editor.csproj", "{95b17644-cf52-dc3f-a40e-ad695a738c1d}"
EndProject
Project("{FAE04EC0-301F-11D3-BF4B-00C04F79EFBC}") = "PhotonUnityNetworking.Utilities.PhotonPlayer.Editor", "PhotonUnityNetworking.Utilities.PhotonPlayer.Editor.csproj", "{18b463ad-d6ac-21a1-3cf2-816ef0b8aa34}"
EndProject
Project("{FAE04EC0-301F-11D3-BF4B-00C04F79EFBC}") = "PunDemos.DemoSlotcarEditor", "PunDemos.DemoSlotcarEditor.csproj", "{9badcc26-3a42-85df-0686-50cb14c4e77f}"
EndProject
Project("{FAE04EC0-301F-11D3-BF4B-00C04F79EFBC}") = "PhotonUnityNetworking.Utilities.Culling.Editor", "PhotonUnityNetworking.Utilities.Culling.Editor.csproj", "{b815d14e-602b-e409-8c5e-6654874de5a5}"
EndProject
Project("{FAE04EC0-301F-11D3-BF4B-00C04F79EFBC}") = "PunDemos.DemoHubEditor", "PunDemos.DemoHubEditor.csproj", "{4414701c-5686-a2cb-712e-bbbc139be9d6}"
EndProject
Global
	GlobalSection(SolutionConfigurationPlatforms) = preSolution
		Debug|Any CPU = Debug|Any CPU
	EndGlobalSection
	GlobalSection(ProjectConfigurationPlatforms) = postSolution
		{87960bea-b9b9-7009-9e25-0e1c02d78036}.Debug|Any CPU.ActiveCfg = Debug|Any CPU
		{87960bea-b9b9-7009-9e25-0e1c02d78036}.Debug|Any CPU.Build.0 = Debug|Any CPU
		{048a2a5d-3b08-805e-4afc-dd039fd44b83}.Debug|Any CPU.ActiveCfg = Debug|Any CPU
		{048a2a5d-3b08-805e-4afc-dd039fd44b83}.Debug|Any CPU.Build.0 = Debug|Any CPU
		{c596d347-d5f0-092e-7a20-3d04c1168141}.Debug|Any CPU.ActiveCfg = Debug|Any CPU
		{c596d347-d5f0-092e-7a20-3d04c1168141}.Debug|Any CPU.Build.0 = Debug|Any CPU
		{886055f4-b8e4-c2e5-246f-4d9ba181eb7c}.Debug|Any CPU.ActiveCfg = Debug|Any CPU
		{886055f4-b8e4-c2e5-246f-4d9ba181eb7c}.Debug|Any CPU.Build.0 = Debug|Any CPU
		{5b331e2b-abab-0d0e-b714-edc7c1708d80}.Debug|Any CPU.ActiveCfg = Debug|Any CPU
		{5b331e2b-abab-0d0e-b714-edc7c1708d80}.Debug|Any CPU.Build.0 = Debug|Any CPU
		{b55ea9ee-b645-d710-dd01-d0a3dfcdd867}.Debug|Any CPU.ActiveCfg = Debug|Any CPU
		{b55ea9ee-b645-d710-dd01-d0a3dfcdd867}.Debug|Any CPU.Build.0 = Debug|Any CPU
		{95b17644-cf52-dc3f-a40e-ad695a738c1d}.Debug|Any CPU.ActiveCfg = Debug|Any CPU
		{95b17644-cf52-dc3f-a40e-ad695a738c1d}.Debug|Any CPU.Build.0 = Debug|Any CPU
		{18b463ad-d6ac-21a1-3cf2-816ef0b8aa34}.Debug|Any CPU.ActiveCfg = Debug|Any CPU
		{18b463ad-d6ac-21a1-3cf2-816ef0b8aa34}.Debug|Any CPU.Build.0 = Debug|Any CPU
		{9badcc26-3a42-85df-0686-50cb14c4e77f}.Debug|Any CPU.ActiveCfg = Debug|Any CPU
		{9badcc26-3a42-85df-0686-50cb14c4e77f}.Debug|Any CPU.Build.0 = Debug|Any CPU
		{b815d14e-602b-e409-8c5e-6654874de5a5}.Debug|Any CPU.ActiveCfg = Debug|Any CPU
		{b815d14e-602b-e409-8c5e-6654874de5a5}.Debug|Any CPU.Build.0 = Debug|Any CPU
		{4414701c-5686-a2cb-712e-bbbc139be9d6}.Debug|Any CPU.ActiveCfg = Debug|Any CPU
		{4414701c-5686-a2cb-712e-bbbc139be9d6}.Debug|Any CPU.Build.0 = Debug|Any CPU
	EndGlobalSection
	GlobalSection(SolutionProperties) = preSolution
		HideSolutionNode = FALSE
	EndGlobalSection
EndGlobal
